
Microsoft Visual Studio Solution File, Format Version 12.00
# Visual Studio 14
VisualStudioVersion = 14.0.25123.0
MinimumVisualStudioVersion = 10.0.40219.1
Project("{FAE04EC0-301F-11D3-BF4B-00C04F79EFBC}") = "NxBRE_Sample", "NxBRE_Sample\NxBRE_Sample.csproj", "{E825B1E8-C5DA-4D7B-9B62-F3B7F77C6D26}"
EndProject
Global
	GlobalSection(SolutionConfigurationPlatforms) = preSolution
		Debug|Any CPU = Debug|Any CPU
		Release|Any CPU = Release|Any CPU
	EndGlobalSection
	GlobalSection(ProjectConfigurationPlatforms) = postSolution
		{E825B1E8-C5DA-4D7B-9B62-F3B7F77C6D26}.Debug|Any CPU.ActiveCfg = Debug|Any CPU
		{E825B1E8-C5DA-4D7B-9B62-F3B7F77C6D26}.Debug|Any CPU.Build.0 = Debug|Any CPU
		{E825B1E8-C5DA-4D7B-9B62-F3B7F77C6D26}.Release|Any CPU.ActiveCfg = Release|Any CPU
		{E825B1E8-C5DA-4D7B-9B62-F3B7F77C6D26}.Release|Any CPU.Build.0 = Release|Any CPU
	EndGlobalSection
	GlobalSection(SolutionProperties) = preSolution
		HideSolutionNode = FALSE
	EndGlobalSection
EndGlobal
